schema: '2.0'
stages:
  pipeline_init:
    cmd: python -m src.pipeline_init
    deps:
    - path: src/config.py
      hash: md5
      md5: 8cca089cfa5725c1973ce4893dd525c7
      size: 5556
    - path: src/pipeline_init.py
      hash: md5
      md5: 50b1e79a39063158fcb4af63a46281c2
      size: 1244
    - path: src/utils.py
      hash: md5
      md5: cb5a46f6c145ccc2921e3de270e2d1b9
      size: 2555
    outs:
    - path: logs/pipeline_init.json
      hash: md5
      md5: 1c210df3e9c3b9842cf484b88391db6e
      size: 812
  fetch_raw:
    cmd: python -m src.data.fetch_raw
    deps:
    - path: logs/pipeline_init.json
      hash: md5
      md5: 3257cd0fabfca129f4b977b50d85ec37
      size: 812
    - path: src/config.py
      hash: md5
      md5: 8cca089cfa5725c1973ce4893dd525c7
      size: 5556
    - path: src/data/fetch_raw.py
      hash: md5
      md5: af3ff8d3dd2b9e21c3e6e7c1ddbc4882
      size: 3057
    - path: src/data/utils.py
      hash: md5
      md5: bd29a9ecd2d772a217afe5c6646d5d39
      size: 912
    outs:
    - path: data/raw/raw_metadata.json
      hash: md5
      md5: 0559912fdcffbf1f43fcf84af46083d1
      size: 569870074
  extract_structure:
    cmd: python -m src.data.extract_structure
    deps:
    - path: data/raw/raw_metadata.json
      hash: md5
      md5: 0559912fdcffbf1f43fcf84af46083d1
      size: 569870074
    - path: src/config.py
      hash: md5
      md5: 8cca089cfa5725c1973ce4893dd525c7
      size: 5556
    - path: src/data/extract_structure.py
      hash: md5
      md5: 5beb26edeb01651f3ffc96a6b213d2cf
      size: 8508
    - path: src/data/utils.py
      hash: md5
      md5: bd29a9ecd2d772a217afe5c6646d5d39
      size: 912
    outs:
    - path: data/interim/structure.json
      hash: md5
      md5: fad76d5092914b68200c99deb91a5a45
      size: 161710058
  enrich_content:
    cmd: python -m src.data.enrich_content
    deps:
    - path: data/interim/structure.json
      hash: md5
      md5: fad76d5092914b68200c99deb91a5a45
      size: 161710058
    - path: src/config.py
      hash: md5
      md5: 8cca089cfa5725c1973ce4893dd525c7
      size: 5556
    - path: src/data/enrich_content.py
      hash: md5
      md5: c5f9c0b9de726993474a309982bc8b46
      size: 7556
    - path: src/data/utils.py
      hash: md5
      md5: bd29a9ecd2d772a217afe5c6646d5d39
      size: 912
    outs:
    - path: data/interim/structure_enriched.json
      hash: md5
      md5: 3b2d0d0e5f281601ee680d4d60a35f71
      size: 159832856
  compute_features:
    cmd: python -m src.data.compute_features
    deps:
    - path: data/interim/structure_enriched.json
      hash: md5
      md5: 3b2d0d0e5f281601ee680d4d60a35f71
      size: 159832856
    - path: src/config.py
      hash: md5
      md5: 8cca089cfa5725c1973ce4893dd525c7
      size: 5556
    - path: src/data/compute_features.py
      hash: md5
      md5: e206a354f19b943415f65805041b0822
      size: 6764
    - path: src/data/utils.py
      hash: md5
      md5: bd29a9ecd2d772a217afe5c6646d5d39
      size: 912
    outs:
    - path: data/interim/computed_features.json
      hash: md5
      md5: 575c6f02083dbe52d681eaba07a9f058
      size: 1808604
  build_dataset:
    cmd: python -m src.data.build_dataset
    deps:
    - path: data/interim/computed_features.json
      hash: md5
      md5: 575c6f02083dbe52d681eaba07a9f058
      size: 1808604
    - path: src/config.py
      hash: md5
      md5: 8cca089cfa5725c1973ce4893dd525c7
      size: 5556
    - path: src/data/build_dataset.py
      hash: md5
      md5: e9d675f695f2ec6829a32d3873249310
      size: 4795
    - path: src/data/utils.py
      hash: md5
      md5: bd29a9ecd2d772a217afe5c6646d5d39
      size: 912
    outs:
    - path: data/processed/
      hash: md5
      md5: e3081807202a80cd6cc975723dd40a76.dir
      size: 329947
      nfiles: 2
